
Microsoft Visual Studio Solution File, Format Version 12.00
# Visual Studio 15
VisualStudioVersion = 15.0.27130.2036
MinimumVisualStudioVersion = 10.0.40219.1
Project("{FAE04EC0-301F-11D3-BF4B-00C04F79EFBC}") = "WPFcalcProj", "WPFcalcProj\WPFcalcProj.csproj", "{D0409890-8F93-48E0-9843-B8D021A52944}"
EndProject
Global
	GlobalSection(SolutionConfigurationPlatforms) = preSolution
		Debug|Any CPU = Debug|Any CPU
		Release|Any CPU = Release|Any CPU
	EndGlobalSection
	GlobalSection(ProjectConfigurationPlatforms) = postSolution
		{D0409890-8F93-48E0-9843-B8D021A52944}.Debug|Any CPU.ActiveCfg = Debug|Any CPU
		{D0409890-8F93-48E0-9843-B8D021A52944}.Debug|Any CPU.Build.0 = Debug|Any CPU
		{D0409890-8F93-48E0-9843-B8D021A52944}.Release|Any CPU.ActiveCfg = Release|Any CPU
		{D0409890-8F93-48E0-9843-B8D021A52944}.Release|Any CPU.Build.0 = Release|Any CPU
	EndGlobalSection
	GlobalSection(SolutionProperties) = preSolution
		HideSolutionNode = FALSE
	EndGlobalSection
	GlobalSection(ExtensibilityGlobals) = postSolution
		SolutionGuid = {3D9D194F-B118-4F63-AEDE-02C57D94EE5E}
	EndGlobalSection
EndGlobal
